// !$*UTF8*$!
{
	archiveVersion = 1;
	classes = {
	};
	objectVersion = 50;
	objects = {

/* Begin PBXBuildFile section */
		4219FD9526517EC60000F1F9 /* Button.swift in Sources */ = {isa = PBXBuildFile; fileRef = 4219FD9426517EC60000F1F9 /* Button.swift */; };
		4219FD972651924D0000F1F9 /* PopupView.swift in Sources */ = {isa = PBXBuildFile; fileRef = 4219FD962651924D0000F1F9 /* PopupView.swift */; };
		4EA90DD9264F3F6A007C0D39 /* AppDelegate.swift in Sources */ = {isa = PBXBuildFile; fileRef = 4EA90DD8264F3F6A007C0D39 /* AppDelegate.swift */; };
		4EA90DDB264F3F6A007C0D39 /* SceneDelegate.swift in Sources */ = {isa = PBXBuildFile; fileRef = 4EA90DDA264F3F6A007C0D39 /* SceneDelegate.swift */; };
		4EA90DDD264F3F6A007C0D39 /* BlackjackViewController.swift in Sources */ = {isa = PBXBuildFile; fileRef = 4EA90DDC264F3F6A007C0D39 /* BlackjackViewController.swift */; };
		4EA90DE0264F3F6A007C0D39 /* Main.storyboard in Resources */ = {isa = PBXBuildFile; fileRef = 4EA90DDE264F3F6A007C0D39 /* Main.storyboard */; };
		4EA90DE2264F3F6D007C0D39 /* Assets.xcassets in Resources */ = {isa = PBXBuildFile; fileRef = 4EA90DE1264F3F6D007C0D39 /* Assets.xcassets */; };
		4EA90DE5264F3F6D007C0D39 /* LaunchScreen.storyboard in Resources */ = {isa = PBXBuildFile; fileRef = 4EA90DE3264F3F6D007C0D39 /* LaunchScreen.storyboard */; };
		4EA90DED264F3FA0007C0D39 /* GameView.swift in Sources */ = {isa = PBXBuildFile; fileRef = 4EA90DEC264F3FA0007C0D39 /* GameView.swift */; };
		4EA90DEF264F56FF007C0D39 /* Model.swift in Sources */ = {isa = PBXBuildFile; fileRef = 4EA90DEE264F56FF007C0D39 /* Model.swift */; };
		4EA90DF1264F58A9007C0D39 /* CardView.swift in Sources */ = {isa = PBXBuildFile; fileRef = 4EA90DF0264F58A9007C0D39 /* CardView.swift */; };
		4EA90DF3264F5ADE007C0D39 /* Game.swift in Sources */ = {isa = PBXBuildFile; fileRef = 4EA90DF2264F5ADE007C0D39 /* Game.swift */; };
		4EA90DF52650DD08007C0D39 /* Hand.swift in Sources */ = {isa = PBXBuildFile; fileRef = 4EA90DF42650DD08007C0D39 /* Hand.swift */; };
/* End PBXBuildFile section */

/* Begin PBXFileReference section */
		4219FD9426517EC60000F1F9 /* Button.swift */ = {isa = PBXFileReference; lastKnownFileType = sourcecode.swift; path = Button.swift; sourceTree = "<group>"; };
		4219FD962651924D0000F1F9 /* PopupView.swift */ = {isa = PBXFileReference; lastKnownFileType = sourcecode.swift; path = PopupView.swift; sourceTree = "<group>"; };
		4EA90DD5264F3F6A007C0D39 /* Blackjack.app */ = {isa = PBXFileReference; explicitFileType = wrapper.application; includeInIndex = 0; path = Blackjack.app; sourceTree = BUILT_PRODUCTS_DIR; };
		4EA90DD8264F3F6A007C0D39 /* AppDelegate.swift */ = {isa = PBXFileReference; lastKnownFileType = sourcecode.swift; path = AppDelegate.swift; sourceTree = "<group>"; };
		4EA90DDA264F3F6A007C0D39 /* SceneDelegate.swift */ = {isa = PBXFileReference; lastKnownFileType = sourcecode.swift; path = SceneDelegate.swift; sourceTree = "<group>"; };
		4EA90DDC264F3F6A007C0D39 /* BlackjackViewController.swift */ = {isa = PBXFileReference; lastKnownFileType = sourcecode.swift; path = BlackjackViewController.swift; sourceTree = "<group>"; };
		4EA90DDF264F3F6A007C0D39 /* Base */ = {isa = PBXFileReference; lastKnownFileType = file.storyboard; name = Base; path = Base.lproj/Main.storyboard; sourceTree = "<group>"; };
		4EA90DE1264F3F6D007C0D39 /* Assets.xcassets */ = {isa = PBXFileReference; lastKnownFileType = folder.assetcatalog; path = Assets.xcassets; sourceTree = "<group>"; };
		4EA90DE4264F3F6D007C0D39 /* Base */ = {isa = PBXFileReference; lastKnownFileType = file.storyboard; name = Base; path = Base.lproj/LaunchScreen.storyboard; sourceTree = "<group>"; };
		4EA90DE6264F3F6D007C0D39 /* Info.plist */ = {isa = PBXFileReference; lastKnownFileType = text.plist.xml; path = Info.plist; sourceTree = "<group>"; };
		4EA90DEC264F3FA0007C0D39 /* GameView.swift */ = {isa = PBXFileReference; lastKnownFileType = sourcecode.swift; path = GameView.swift; sourceTree = "<group>"; };
		4EA90DEE264F56FF007C0D39 /* Model.swift */ = {isa = PBXFileReference; lastKnownFileType = sourcecode.swift; path = Model.swift; sourceTree = "<group>"; };
		4EA90DF0264F58A9007C0D39 /* CardView.swift */ = {isa = PBXFileReference; lastKnownFileType = sourcecode.swift; path = CardView.swift; sourceTree = "<group>"; };
		4EA90DF2264F5ADE007C0D39 /* Game.swift */ = {isa = PBXFileReference; lastKnownFileType = sourcecode.swift; path = Game.swift; sourceTree = "<group>"; };
		4EA90DF42650DD08007C0D39 /* Hand.swift */ = {isa = PBXFileReference; lastKnownFileType = sourcecode.swift; path = Hand.swift; sourceTree = "<group>"; };
/* End PBXFileReference section */

/* Begin PBXFrameworksBuildPhase section */
		4EA90DD2264F3F6A007C0D39 /* Frameworks */ = {
			isa = PBXFrameworksBuildPhase;
			buildActionMask = 2147483647;
			files = (
			);
			runOnlyForDeploymentPostprocessing = 0;
		};
/* End PBXFrameworksBuildPhase section */

/* Begin PBXGroup section */
		4EA90DCC264F3F6A007C0D39 = {
			isa = PBXGroup;
			children = (
				4EA90DD7264F3F6A007C0D39 /* Blackjack */,
				4EA90DD6264F3F6A007C0D39 /* Products */,
			);
			sourceTree = "<group>";
		};
		4EA90DD6264F3F6A007C0D39 /* Products */ = {
			isa = PBXGroup;
			children = (
				4EA90DD5264F3F6A007C0D39 /* Blackjack.app */,
			);
			name = Products;
			sourceTree = "<group>";
		};
		4EA90DD7264F3F6A007C0D39 /* Blackjack */ = {
			isa = PBXGroup;
			children = (
				4EA90DD8264F3F6A007C0D39 /* AppDelegate.swift */,
				4EA90DDA264F3F6A007C0D39 /* SceneDelegate.swift */,
				4EA90DDE264F3F6A007C0D39 /* Main.storyboard */,
				4EA90DE1264F3F6D007C0D39 /* Assets.xcassets */,
				4EA90DE3264F3F6D007C0D39 /* LaunchScreen.storyboard */,
				4EA90DE6264F3F6D007C0D39 /* Info.plist */,
				4EA90DDC264F3F6A007C0D39 /* BlackjackViewController.swift */,
				4EA90DEC264F3FA0007C0D39 /* GameView.swift */,
				4EA90DF0264F58A9007C0D39 /* CardView.swift */,
				4219FD9426517EC60000F1F9 /* Button.swift */,
				4219FD962651924D0000F1F9 /* PopupView.swift */,
				4EA90DEE264F56FF007C0D39 /* Model.swift */,
				4EA90DF2264F5ADE007C0D39 /* Game.swift */,
				4EA90DF42650DD08007C0D39 /* Hand.swift */,
			);
			path = Blackjack;
			sourceTree = "<group>";
		};
/* End PBXGroup section */

/* Begin PBXNativeTarget section */
		4EA90DD4264F3F6A007C0D39 /* Blackjack */ = {
			isa = PBXNativeTarget;
			buildConfigurationList = 4EA90DE9264F3F6D007C0D39 /* Build configuration list for PBXNativeTarget "Blackjack" */;
			buildPhases = (
				4EA90DD1264F3F6A007C0D39 /* Sources */,
				4EA90DD2264F3F6A007C0D39 /* Frameworks */,
				4EA90DD3264F3F6A007C0D39 /* Resources */,
			);
			buildRules = (
			);
			dependencies = (
			);
			name = Blackjack;
			productName = Blackjack;
			productReference = 4EA90DD5264F3F6A007C0D39 /* Blackjack.app */;
			productType = "com.apple.product-type.application";
		};
/* End PBXNativeTarget section */

/* Begin PBXProject section */
		4EA90DCD264F3F6A007C0D39 /* Project object */ = {
			isa = PBXProject;
			attributes = {
				LastSwiftUpdateCheck = 1250;
				LastUpgradeCheck = 1250;
				TargetAttributes = {
					4EA90DD4264F3F6A007C0D39 = {
						CreatedOnToolsVersion = 12.5;
					};
				};
			};
			buildConfigurationList = 4EA90DD0264F3F6A007C0D39 /* Build configuration list for PBXProject "Blackjack" */;
			compatibilityVersion = "Xcode 9.3";
			developmentRegion = en;
			hasScannedForEncodings = 0;
			knownRegions = (
				en,
				Base,
			);
			mainGroup = 4EA90DCC264F3F6A007C0D39;
			productRefGroup = 4EA90DD6264F3F6A007C0D39 /* Products */;
			projectDirPath = "";
			projectRoot = "";
			targets = (
				4EA90DD4264F3F6A007C0D39 /* Blackjack */,
			);
		};
/* End PBXProject section */

/* Begin PBXResourcesBuildPhase section */
		4EA90DD3264F3F6A007C0D39 /* Resources */ = {
			isa = PBXResourcesBuildPhase;
			buildActionMask = 2147483647;
			files = (
				4EA90DE5264F3F6D007C0D39 /* LaunchScreen.storyboard in Resources */,
				4EA90DE2264F3F6D007C0D39 /* Assets.xcassets in Resources */,
				4EA90DE0264F3F6A007C0D39 /* Main.storyboard in Resources */,
			);
			runOnlyForDeploymentPostprocessing = 0;
		};
/* End PBXResourcesBuildPhase section */

/* Begin PBXSourcesBuildPhase section */
		4EA90DD1264F3F6A007C0D39 /* Sources */ = {
			isa = PBXSourcesBuildPhase;
			buildActionMask = 2147483647;
			files = (
				4EA90DF52650DD08007C0D39 /* Hand.swift in Sources */,
				4EA90DEF264F56FF007C0D39 /* Model.swift in Sources */,
				4EA90DDD264F3F6A007C0D39 /* BlackjackViewController.swift in Sources */,
				4EA90DF3264F5ADE007C0D39 /* Game.swift in Sources */,
				4EA90DD9264F3F6A007C0D39 /* AppDelegate.swift in Sources */,
				4219FD972651924D0000F1F9 /* PopupView.swift in Sources */,
				4EA90DED264F3FA0007C0D39 /* GameView.swift in Sources */,
				4EA90DF1264F58A9007C0D39 /* CardView.swift in Sources */,
				4219FD9526517EC60000F1F9 /* Button.swift in Sources */,
				4EA90DDB264F3F6A007C0D39 /* SceneDelegate.swift in Sources */,
			);
			runOnlyForDeploymentPostprocessing = 0;
		};
/* End PBXSourcesBuildPhase section */

/* Begin PBXVariantGroup section */
		4EA90DDE264F3F6A007C0D39 /* Main.storyboard */ = {
			isa = PBXVariantGroup;
			children = (
				4EA90DDF264F3F6A007C0D39 /* Base */,
			);
			name = Main.storyboard;
			sourceTree = "<group>";
		};
		4EA90DE3264F3F6D007C0D39 /* LaunchScreen.storyboard */ = {
			isa = PBXVariantGroup;
			children = (
				4EA90DE4264F3F6D007C0D39 /* Base */,
			);
			name = LaunchScreen.storyboard;
			sourceTree = "<group>";
		};
/* End PBXVariantGroup section */

/* Begin XCBuildConfiguration section */
		4EA90DE7264F3F6D007C0D39 /* Debug */ = {
			isa = XCBuildConfiguration;
			buildSettings = {
				ALWAYS_SEARCH_USER_PATHS = NO;
				CLANG_ANALYZER_NONNULL = YES;
				CLANG_ANALYZER_NUMBER_OBJECT_CONVERSION = YES_AGGRESSIVE;
				CLANG_CXX_LANGUAGE_STANDARD = "gnu++14";
				CLANG_CXX_LIBRARY = "libc++";
				CLANG_ENABLE_MODULES = YES;
				CLANG_ENABLE_OBJC_ARC = YES;
				CLANG_ENABLE_OBJC_WEAK = YES;
				CLANG_WARN_BLOCK_CAPTURE_AUTORELEASING = YES;
				CLANG_WARN_BOOL_CONVERSION = YES;
				CLANG_WARN_COMMA = YES;
				CLANG_WARN_CONSTANT_CONVERSION = YES;
				CLANG_WARN_DEPRECATED_OBJC_IMPLEMENTATIONS = YES;
				CLANG_WARN_DIRECT_OBJC_ISA_USAGE = YES_ERROR;
				CLANG_WARN_DOCUMENTATION_COMMENTS = YES;
				CLANG_WARN_EMPTY_BODY = YES;
				CLANG_WARN_ENUM_CONVERSION = YES;
				CLANG_WARN_INFINITE_RECURSION = YES;
				CLANG_WARN_INT_CONVERSION = YES;
				CLANG_WARN_NON_LITERAL_NULL_CONVERSION = YES;
				CLANG_WARN_OBJC_IMPLICIT_RETAIN_SELF = YES;
				CLANG_WARN_OBJC_LITERAL_CONVERSION = YES;
				CLANG_WARN_OBJC_ROOT_CLASS = YES_ERROR;
				CLANG_WARN_QUOTED_INCLUDE_IN_FRAMEWORK_HEADER = YES;
				CLANG_WARN_RANGE_LOOP_ANALYSIS = YES;
				CLANG_WARN_STRICT_PROTOTYPES = YES;
				CLANG_WARN_SUSPICIOUS_MOVE = YES;
				CLANG_WARN_UNGUARDED_AVAILABILITY = YES_AGGRESSIVE;
				CLANG_WARN_UNREACHABLE_CODE = YES;
				CLANG_WARN__DUPLICATE_METHOD_MATCH = YES;
				COPY_PHASE_STRIP = NO;
				DEBUG_INFORMATION_FORMAT = dwarf;
				ENABLE_STRICT_OBJC_MSGSEND = YES;
				ENABLE_TESTABILITY = YES;
				GCC_C_LANGUAGE_STANDARD = gnu11;
				GCC_DYNAMIC_NO_PIC = NO;
				GCC_NO_COMMON_BLOCKS = YES;
				GCC_OPTIMIZATION_LEVEL = 0;
				GCC_PREPROCESSOR_DEFINITIONS = (
					"DEBUG=1",
					"$(inherited)",
				);
				GCC_WARN_64_TO_32_BIT_CONVERSION = YES;
				GCC_WARN_ABOUT_RETURN_TYPE = YES_ERROR;
				GCC_WARN_UNDECLARED_SELECTOR = YES;
				GCC_WARN_UNINITIALIZED_AUTOS = YES_AGGRESSIVE;
				GCC_WARN_UNUSED_FUNCTION = YES;
				GCC_WARN_UNUSED_VARIABLE = YES;
				IPHONEOS_DEPLOYMENT_TARGET = 14.1;
				MTL_ENABLE_DEBUG_INFO = INCLUDE_SOURCE;
				MTL_FAST_MATH = YES;
				ONLY_ACTIVE_ARCH = YES;
				SDKROOT = iphoneos;
				SWIFT_ACTIVE_COMPILATION_CONDITIONS = DEBUG;
				SWIFT_OPTIMIZATION_LEVEL = "-Onone";
			};
			name = Debug;
		};
		4EA90DE8264F3F6D007C0D39 /* Release */ = {
			isa = XCBuildConfiguration;
			buildSettings = {
				ALWAYS_SEARCH_USER_PATHS = NO;
				CLANG_ANALYZER_NONNULL = YES;
				CLANG_ANALYZER_NUMBER_OBJECT_CONVERSION = YES_AGGRESSIVE;
				CLANG_CXX_LANGUAGE_STANDARD = "gnu++14";
				CLANG_CXX_LIBRARY = "libc++";
				CLANG_ENABLE_MODULES = YES;
				CLANG_ENABLE_OBJC_ARC = YES;
				CLANG_ENABLE_OBJC_WEAK = YES;
				CLANG_WARN_BLOCK_CAPTURE_AUTORELEASING = YES;
				CLANG_WARN_BOOL_CONVERSION = YES;
				CLANG_WARN_COMMA = YES;
				CLANG_WARN_CONSTANT_CONVERSION = YES;
				CLANG_WARN_DEPRECATED_OBJC_IMPLEMENTATIONS = YES;
				CLANG_WARN_DIRECT_OBJC_ISA_USAGE = YES_ERROR;
				CLANG_WARN_DOCUMENTATION_COMMENTS = YES;
				CLANG_WARN_EMPTY_BODY = YES;
				CLANG_WARN_ENUM_CONVERSION = YES;
				CLANG_WARN_INFINITE_RECURSION = YES;
				CLANG_WARN_INT_CONVERSION = YES;
				CLANG_WARN_NON_LITERAL_NULL_CONVERSION = YES;
				CLANG_WARN_OBJC_IMPLICIT_RETAIN_SELF = YES;
				CLANG_WARN_OBJC_LITERAL_CONVERSION = YES;
				CLANG_WARN_OBJC_ROOT_CLASS = YES_ERROR;
				CLANG_WARN_QUOTED_INCLUDE_IN_FRAMEWORK_HEADER = YES;
				CLANG_WARN_RANGE_LOOP_ANALYSIS = YES;
				CLANG_WARN_STRICT_PROTOTYPES = YES;
				CLANG_WARN_SUSPICIOUS_MOVE = YES;
				CLANG_WARN_UNGUARDED_AVAILABILITY = YES_AGGRESSIVE;
				CLANG_WARN_UNREACHABLE_CODE = YES;
				CLANG_WARN__DUPLICATE_METHOD_MATCH = YES;
				COPY_PHASE_STRIP = NO;
				DEBUG_INFORMATION_FORMAT = "dwarf-with-dsym";
				ENABLE_NS_ASSERTIONS = NO;
				ENABLE_STRICT_OBJC_MSGSEND = YES;
				GCC_C_LANGUAGE_STANDARD = gnu11;
				GCC_NO_COMMON_BLOCKS = YES;
				GCC_WARN_64_TO_32_BIT_CONVERSION = YES;
				GCC_WARN_ABOUT_RETURN_TYPE = YES_ERROR;
				GCC_WARN_UNDECLARED_SELECTOR = YES;
				GCC_WARN_UNINITIALIZED_AUTOS = YES_AGGRESSIVE;
				GCC_WARN_UNUSED_FUNCTION = YES;
				GCC_WARN_UNUSED_VARIABLE = YES;
				IPHONEOS_DEPLOYMENT_TARGET = 14.1;
				MTL_ENABLE_DEBUG_INFO = NO;
				MTL_FAST_MATH = YES;
				SDKROOT = iphoneos;
				SWIFT_COMPILATION_MODE = wholemodule;
				SWIFT_OPTIMIZATION_LEVEL = "-O";
				VALIDATE_PRODUCT = YES;
			};
			name = Release;
		};
		4EA90DEA264F3F6D007C0D39 /* Debug */ = {
			isa = XCBuildConfiguration;
			buildSettings = {
				ASSETCATALOG_COMPILER_APPICON_NAME = AppIcon;
				ASSETCATALOG_COMPILER_GLOBAL_ACCENT_COLOR_NAME = AccentColor;
				CODE_SIGN_STYLE = Automatic;
				DEVELOPMENT_TEAM = 5EP5YM7PC7;
				INFOPLIST_FILE = Blackjack/Info.plist;
				IPHONEOS_DEPLOYMENT_TARGET = 13.6;
				LD_RUNPATH_SEARCH_PATHS = (
					"$(inherited)",
					"@executable_path/Frameworks",
				);
				PRODUCT_BUNDLE_IDENTIFIER = com.hcanfly.Blackjack;
				PRODUCT_NAME = "$(TARGET_NAME)";
				SWIFT_VERSION = 5.0;
				TARGETED_DEVICE_FAMILY = 1;
			};
			name = Debug;
		};
		4EA90DEB264F3F6D007C0D39 /* Release */ = {
			isa = XCBuildConfiguration;
			buildSettings = {
				ASSETCATALOG_COMPILER_APPICON_NAME = AppIcon;
				ASSETCATALOG_COMPILER_GLOBAL_ACCENT_COLOR_NAME = AccentColor;
				CODE_SIGN_STYLE = Automatic;
				DEVELOPMENT_TEAM = 5EP5YM7PC7;
				INFOPLIST_FILE = Blackjack/Info.plist;
				IPHONEOS_DEPLOYMENT_TARGET = 13.6;
				LD_RUNPATH_SEARCH_PATHS = (
					"$(inherited)",
					"@executable_path/Frameworks",
				);
				PRODUCT_BUNDLE_IDENTIFIER = com.hcanfly.Blackjack;
				PRODUCT_NAME = "$(TARGET_NAME)";
				SWIFT_VERSION = 5.0;
				TARGETED_DEVICE_FAMILY = 1;
			};
			name = Release;
		};
/* End XCBuildConfiguration section */

/* Begin XCConfigurationList section */
		4EA90DD0264F3F6A007C0D39 /* Build configuration list for PBXProject "Blackjack" */ = {
			isa = XCConfigurationList;
			buildConfigurations = (
				4EA90DE7264F3F6D007C0D39 /* Debug */,
				4EA90DE8264F3F6D007C0D39 /* Release */,
			);
			defaultConfigurationIsVisible = 0;
			defaultConfigurationName = Release;
		};
		4EA90DE9264F3F6D007C0D39 /* Build configuration list for PBXNativeTarget "Blackjack" */ = {
			isa = XCConfigurationList;
			buildConfigurations = (
				4EA90DEA264F3F6D007C0D39 /* Debug */,
				4EA90DEB264F3F6D007C0D39 /* Release */,
			);
			defaultConfigurationIsVisible = 0;
			defaultConfigurationName = Release;
		};
/* End XCConfigurationList section */
	};
	rootObject = 4EA90DCD264F3F6A007C0D39 /* Project object */;
}
